
Microsoft Visual Studio Solution File, Format Version 12.00
# Visual Studio 2012
Project("{FAE04EC0-301F-11D3-BF4B-00C04F79EFBC}") = "ADONET_L1", "ADONET_L1\ADONET_L1.csproj", "{671345AD-0054-4BDA-9400-85D7C0D850D3}"
EndProject
Project("{FAE04EC0-301F-11D3-BF4B-00C04F79EFBC}") = "SomeData", "SomeData\SomeData.csproj", "{C94A405E-D25E-47E0-B3AC-92EA84A536F3}"
EndProject
Global
	GlobalSection(SolutionConfigurationPlatforms) = preSolution
		Debug|Any CPU = Debug|Any CPU
		Release|Any CPU = Release|Any CPU
	EndGlobalSection
	GlobalSection(ProjectConfigurationPlatforms) = postSolution
		{671345AD-0054-4BDA-9400-85D7C0D850D3}.Debug|Any CPU.ActiveCfg = Debug|Any CPU
		{671345AD-0054-4BDA-9400-85D7C0D850D3}.Debug|Any CPU.Build.0 = Debug|Any CPU
		{671345AD-0054-4BDA-9400-85D7C0D850D3}.Release|Any CPU.ActiveCfg = Release|Any CPU
		{671345AD-0054-4BDA-9400-85D7C0D850D3}.Release|Any CPU.Build.0 = Release|Any CPU
		{C94A405E-D25E-47E0-B3AC-92EA84A536F3}.Debug|Any CPU.ActiveCfg = Debug|Any CPU
		{C94A405E-D25E-47E0-B3AC-92EA84A536F3}.Debug|Any CPU.Build.0 = Debug|Any CPU
		{C94A405E-D25E-47E0-B3AC-92EA84A536F3}.Release|Any CPU.ActiveCfg = Release|Any CPU
		{C94A405E-D25E-47E0-B3AC-92EA84A536F3}.Release|Any CPU.Build.0 = Release|Any CPU
	EndGlobalSection
	GlobalSection(SolutionProperties) = preSolution
		HideSolutionNode = FALSE
	EndGlobalSection
EndGlobal
